{
  "name": "crossorigin.me",
  "version": "2.0.0",
  "lockfileVersion": 2,
  "requires": true,
  "packages": {
    "": {
      "name": "crossorigin.me",
      "version": "2.0.0",
      "license": "MIT",
      "dependencies": {
        "eslint": "3.18.0",
        "eslint-plugin-mocha": "4.11.0",
        "mocha": "3.1.2",
        "supertest": "2.0.1",
        "request": "2.81.0",
        "restify": "4.3.0",
        "restify-router": "0.2.1",
        "toobusy-js": "^0.5.1"
      }
    },
    "node_modules/eslint": {
      "version": "3.18.0",
      "resolved": "https://registry.npmjs.org/eslint/-/eslint-3.18.0.tgz",
      "integrity": "sha1-82dSotqdHIhE4G0dUkd/8awlLDU="
    },
    "node_modules/eslint-plugin-mocha": {
      "version": "4.11.0",
      "resolved": "https://registry.npmjs.org/eslint-plugin-mocha/-/eslint-plugin-mocha-4.11.0.tgz",
      "integrity": "sha512-OkF6zOx5J4t9bfI+ySgXv6pl4MUIZUz9FQPSzITW0OfIqTfr7rO/cXaILNdNsz3FG4+EHRPaaM+Kuz9Cmgtu3w=="
    },
    "node_modules/mocha": {
      "version": "3.1.2",
      "resolved": "https://registry.npmjs.org/mocha/-/mocha-3.1.2.tgz",
      "integrity": "sha1-QWTR5s1ZuXIZ8bGbYCYaTUEsHVk="
    },
    "node_modules/supertest": {
      "version": "2.0.1",
      "resolved": "https://registry.npmjs.org/supertest/-/supertest-2.0.1.tgz",
      "integrity": "sha1-208rDU0Z/fT4+2icyk6IjF1PZ4k="
    },
    "node_modules/request": {
      "version": "2.81.0",
      "resolved": "https://registry.npmjs.org/request/-/request-2.81.0.tgz",
      "integrity": "sha1-8/IDXMSk7J4p7nLv6hzJCU2EfSk="
    },
    "node_modules/restify": {
      "version": "4.3.0",
      "resolved": "https://registry.npmjs.org/restify/-/restify-4.3.0.tgz",
      "integrity": "sha1-I7evy3PWpNRTiSLpqpodkpjNJ98="
    },
    "node_modules/restify-router": {
      "version": "0.2.1",
      "resolved": "https://registry.npmjs.org/restify-router/-/restify-router-0.2.1.tgz",
      "integrity": "sha1-7xyLEpQIyEK9ezPD77xd/qrD/"
    },
    "node_modules/toobusy-js": {
      "version": "0.5.1",
      "resolved": "https://registry.npmjs.org/toobusy-js/-/toobusy-js-0.5.1.tgz",
      "integrity": "sha1-KtghR2RQz2xRin59c7SCtKMLWPU="
    }
  },
  "dependencies": {
    "eslint": {
      "version": "3.18.0",
      "resolved": "https://registry.npmjs.org/eslint/-/eslint-3.18.0.tgz",
      "integrity": "sha1-82dSotqdHIhE4G0dUkd/8awlLDU="
    },
    "eslint-plugin-mocha": {
      "version": "4.11.0",
      "resolved": "https://registry.npmjs.org/eslint-plugin-mocha/-/eslint-plugin-mocha-4.11.0.tgz",
      "integrity": "sha512-OkF6zOx5J4t9bfI+ySgXv6pl4MUIZUz9FQPSzITW0OfIqTfr7rO/cXaILNdNsz3FG4+EHRPaaM+Kuz9Cmgtu3w=="
    },
    "mocha": {
      "version": "3.1.2",
      "resolved": "https://registry.npmjs.org/mocha/-/mocha-3.1.2.tgz",
      "integrity": "sha1-QWTR5s1ZuXIZ8bGbYCYaTUEsHVk="
    },
    "supertest": {
      "version": "2.0.1",
      "resolved": "https://registry.npmjs.org/supertest/-/supertest-2.0.1.tgz",
      "integrity": "sha1-208rDU0Z/fT4+2icyk6IjF1PZ4k="
    },
    "request": {
      "version": "2.81.0",
      "resolved": "https://registry.npmjs.org/request/-/request-2.81.0.tgz",
      "integrity": "sha1-8/IDXMSk7J4p7nLv6hzJCU2EfSk="
    },
    "restify": {
      "version": "4.3.0",
      "resolved": "https://registry.npmjs.org/restify/-/restify-4.3.0.tgz",
      "integrity": "sha1-I7evy3PWpNRTiSLpqpodkpjNJ98="
    },
    "restify-router": {
      "version": "0.2.1",
      "resolved": "https://registry.npmjs.org/restify-router/-/restify-router-0.2.1.tgz",
      "integrity": "sha1-7xyLEpQIyEK9ezPD77xd/qrD/"
    },
    "toobusy-js": {
      "version": "0.5.1",
      "resolved": "https://registry.npmjs.org/toobusy-js/-/toobusy-js-0.5.1.tgz",
      "integrity": "sha1-KtghR2RQz2xRin59c7SCtKMLWPU="
    }
  }
}
